
Microsoft Visual Studio Solution File, Format Version 12.00
# Visual Studio Version 17
VisualStudioVersion = 17.8.34330.188
MinimumVisualStudioVersion = 10.0.40219.1
Project("{9A19103F-16F7-4668-BE54-9A1E7A4F7556}") = "Interfaces", "Interfaces\Interfaces.csproj", "{D54D5CF5-9B24-43BB-92D7-7928121359A2}"
EndProject
Project("{FAE04EC0-301F-11D3-BF4B-00C04F79EFBC}") = "Addressbook.Tests", "Addressbook.Tests\Addressbook.Tests.csproj", "{AFE5B0A5-93C7-4690-955F-1FDAC26F59FB}"
EndProject
Global
	GlobalSection(SolutionConfigurationPlatforms) = preSolution
		Debug|Any CPU = Debug|Any CPU
		Release|Any CPU = Release|Any CPU
	EndGlobalSection
	GlobalSection(ProjectConfigurationPlatforms) = postSolution
		{D54D5CF5-9B24-43BB-92D7-7928121359A2}.Debug|Any CPU.ActiveCfg = Debug|Any CPU
		{D54D5CF5-9B24-43BB-92D7-7928121359A2}.Debug|Any CPU.Build.0 = Debug|Any CPU
		{D54D5CF5-9B24-43BB-92D7-7928121359A2}.Release|Any CPU.ActiveCfg = Release|Any CPU
		{D54D5CF5-9B24-43BB-92D7-7928121359A2}.Release|Any CPU.Build.0 = Release|Any CPU
		{AFE5B0A5-93C7-4690-955F-1FDAC26F59FB}.Debug|Any CPU.ActiveCfg = Debug|Any CPU
		{AFE5B0A5-93C7-4690-955F-1FDAC26F59FB}.Debug|Any CPU.Build.0 = Debug|Any CPU
		{AFE5B0A5-93C7-4690-955F-1FDAC26F59FB}.Release|Any CPU.ActiveCfg = Release|Any CPU
		{AFE5B0A5-93C7-4690-955F-1FDAC26F59FB}.Release|Any CPU.Build.0 = Release|Any CPU
	EndGlobalSection
	GlobalSection(SolutionProperties) = preSolution
		HideSolutionNode = FALSE
	EndGlobalSection
	GlobalSection(ExtensibilityGlobals) = postSolution
		SolutionGuid = {162CDEBB-5453-4712-A5DE-AD787113BCB0}
	EndGlobalSection
EndGlobal
